{
  "name": "logeek",
  "version": "0.1.0",
  "lockfileVersion": 1,
  "requires": true,
  "dependencies": {
    "eslint-config-qmmr": {
      "version": "4.1.1",
      "resolved": "https://registry.npmjs.org/eslint-config-qmmr/-/eslint-config-qmmr-4.1.1.tgz",
      "integrity": "sha512-3ydQBq04EtSsVJFGX4YnHvkMx+MpLIlU1lDpCkfQXS03PxOqwSllYu3jO7K/ZxFrDkmN0hl3SlBmJ/r3in0kgw==",
      "requires": {
        "extend": "3.0.1"
      }
    },
    "extend": {
      "version": "3.0.1",
      "resolved": "https://registry.npmjs.org/extend/-/extend-3.0.1.tgz",
      "integrity": "sha1-p1Xqe8Gt/MWjHOfnYtuq3F5jZEQ="
    }
  }
}
